# THIS IS AN AUTOGENERATED FILE. DO NOT EDIT THIS FILE DIRECTLY.
# yarn lockfile v1


"@mdi/js@5.9.55":
  version "5.9.55"
  resolved "https://registry.yarnpkg.com/@mdi/js/-/js-5.9.55.tgz#8f5bc4d924c23f30dab20545ddc768e778bbc882"
  integrity sha512-BbeHMgeK2/vjdJIRnx12wvQ6s8xAYfvMmEAVsUx9b+7GiQGQ9Za8jpwp17dMKr9CgKRvemlAM4S7S3QOtEbp4A==

camel-to-kebab@1.1.0:
  version "1.1.0"
  resolved "https://registry.yarnpkg.com/camel-to-kebab/-/camel-to-kebab-1.1.0.tgz#0e0bd1307c7d9379d4b214e534a1601eea7043eb"
  integrity sha512-0wc1U9DZOTbpOzdtwtvMVN4tnRCEjS68lJ6pPmCJKdXX8HlydROS8N4l9mYwIscEyx76az7m2cGi3a4oRmI3IQ==

de-indent@^1.0.2:
  version "1.0.2"
  resolved "https://registry.yarnpkg.com/de-indent/-/de-indent-1.0.2.tgz#b2038e846dc33baa5796128d0804b455b8c1e21d"
  integrity sha1-sgOOhG3DO6pXlhKNCAS0VbjB4h0=

he@^1.1.0:
  version "1.2.0"
  resolved "https://registry.yarnpkg.com/he/-/he-1.2.0.tgz#84ae65fa7eafb165fddb61566ae14baf05664f0f"
  integrity sha512-F/1DnUGPopORZi0ni+CvrCgHQ5FyEAHRLSApuYWMmrbSwoN2Mn/7k+Gl38gJnR7yyDZk6WLXwiGod1JOWNDKGw==

typescript@3.9.6:
  version "3.9.6"
  resolved "https://registry.yarnpkg.com/typescript/-/typescript-3.9.6.tgz#8f3e0198a34c3ae17091b35571d3afd31999365a"
  integrity sha512-Pspx3oKAPJtjNwE92YS05HQoY7z2SFyOpHo9MqJor3BXAGNaPUs83CuVp9VISFkSjyRfiTpmKuAYGJB7S7hOxw==

vue-template-compiler@2.6.11:
  version "2.6.11"
  resolved "https://registry.yarnpkg.com/vue-template-compiler/-/vue-template-compiler-2.6.11.tgz#c04704ef8f498b153130018993e56309d4698080"
  integrity sha512-KIq15bvQDrcCjpGjrAhx4mUlyyHfdmTaoNfeoATHLAiWB+MU3cx4lOzMwrnUh9cCxy0Lt1T11hAFY6TQgroUAA==
  dependencies:
    de-indent "^1.0.2"
    he "^1.1.0"

vue@2.6.11:
  version "2.6.11"
  resolved "https://registry.yarnpkg.com/vue/-/vue-2.6.11.tgz#76594d877d4b12234406e84e35275c6d514125c5"
  integrity sha512-VfPwgcGABbGAue9+sfrD4PuwFar7gPb1yl1UK1MwXoQPAw0BKSqWfoYCT/ThFrdEVWoI51dBuyCoiNU9bZDZxQ==
