# THIS IS AN AUTOGENERATED FILE. DO NOT EDIT THIS FILE DIRECTLY.
# yarn lockfile v1


"@mdi/js@^5.3.45":
  version "5.3.45"
  resolved "https://registry.yarnpkg.com/@mdi/js/-/js-5.3.45.tgz#c6f523311bf77e339051e24aaa3eddabf565a027"
  integrity sha512-r05JoeUhokSERwW6yYi3WcKCBePHHqBvIikOD0X/dWyaZb6gIRth5Lya7VVTItvGo1qlpp8LpMJKmE6o49+G+Q==

camel-to-kebab@^1.1.0:
  version "1.1.0"
  resolved "https://registry.yarnpkg.com/camel-to-kebab/-/camel-to-kebab-1.1.0.tgz#0e0bd1307c7d9379d4b214e534a1601eea7043eb"
  integrity sha512-0wc1U9DZOTbpOzdtwtvMVN4tnRCEjS68lJ6pPmCJKdXX8HlydROS8N4l9mYwIscEyx76az7m2cGi3a4oRmI3IQ==

de-indent@^1.0.2:
  version "1.0.2"
  resolved "https://registry.yarnpkg.com/de-indent/-/de-indent-1.0.2.tgz#b2038e846dc33baa5796128d0804b455b8c1e21d"
  integrity sha1-sgOOhG3DO6pXlhKNCAS0VbjB4h0=

he@^1.1.0:
  version "1.2.0"
  resolved "https://registry.yarnpkg.com/he/-/he-1.2.0.tgz#84ae65fa7eafb165fddb61566ae14baf05664f0f"
  integrity sha512-F/1DnUGPopORZi0ni+CvrCgHQ5FyEAHRLSApuYWMmrbSwoN2Mn/7k+Gl38gJnR7yyDZk6WLXwiGod1JOWNDKGw==

typescript@^3.8.3:
  version "3.9.5"
  resolved "https://registry.yarnpkg.com/typescript/-/typescript-3.9.5.tgz#586f0dba300cde8be52dd1ac4f7e1009c1b13f36"
  integrity sha512-hSAifV3k+i6lEoCJ2k6R2Z/rp/H3+8sdmcn5NrS3/3kE7+RyZXm9aqvxWqjEXHAd8b0pShatpcdMTvEdvAJltQ==

vue-template-compiler@^2.6.11:
  version "2.6.11"
  resolved "https://registry.yarnpkg.com/vue-template-compiler/-/vue-template-compiler-2.6.11.tgz#c04704ef8f498b153130018993e56309d4698080"
  integrity sha512-KIq15bvQDrcCjpGjrAhx4mUlyyHfdmTaoNfeoATHLAiWB+MU3cx4lOzMwrnUh9cCxy0Lt1T11hAFY6TQgroUAA==
  dependencies:
    de-indent "^1.0.2"
    he "^1.1.0"

vue@^2.6.11:
  version "2.6.11"
  resolved "https://registry.yarnpkg.com/vue/-/vue-2.6.11.tgz#76594d877d4b12234406e84e35275c6d514125c5"
  integrity sha512-VfPwgcGABbGAue9+sfrD4PuwFar7gPb1yl1UK1MwXoQPAw0BKSqWfoYCT/ThFrdEVWoI51dBuyCoiNU9bZDZxQ==
